
Microsoft Visual Studio Solution File, Format Version 12.00
# Visual Studio Version 17
VisualStudioVersion = 17.4.33213.308
MinimumVisualStudioVersion = 10.0.40219.1
Project("{FAE04EC0-301F-11D3-BF4B-00C04F79EFBC}") = "calculatör", "calculatör\calculatör.csproj", "{942D85F9-6E08-416D-83CE-E339DC9D8609}"
EndProject
Global
	GlobalSection(SolutionConfigurationPlatforms) = preSolution
		Debug|Any CPU = Debug|Any CPU
		Release|Any CPU = Release|Any CPU
	EndGlobalSection
	GlobalSection(ProjectConfigurationPlatforms) = postSolution
		{942D85F9-6E08-416D-83CE-E339DC9D8609}.Debug|Any CPU.ActiveCfg = Debug|Any CPU
		{942D85F9-6E08-416D-83CE-E339DC9D8609}.Debug|Any CPU.Build.0 = Debug|Any CPU
		{942D85F9-6E08-416D-83CE-E339DC9D8609}.Release|Any CPU.ActiveCfg = Release|Any CPU
		{942D85F9-6E08-416D-83CE-E339DC9D8609}.Release|Any CPU.Build.0 = Release|Any CPU
	EndGlobalSection
	GlobalSection(SolutionProperties) = preSolution
		HideSolutionNode = FALSE
	EndGlobalSection
	GlobalSection(ExtensibilityGlobals) = postSolution
		SolutionGuid = {81A1F390-A4C8-423A-9634-39B4405AF588}
	EndGlobalSection
EndGlobal
